
Microsoft Visual Studio Solution File, Format Version 12.00
# Visual Studio 14
VisualStudioVersion = 14.0.25420.1
MinimumVisualStudioVersion = 10.0.40219.1
Project("{FAE04EC0-301F-11D3-BF4B-00C04F79EFBC}") = "Check Domain", "Check Domain.csproj", "{96B55FB3-2A16-47A1-BD22-2AE1206F35BF}"
EndProject
Project("{6141683F-8A12-4E36-9623-2EB02B2C2303}") = "CheckDomain", "CheckDomain\CheckDomain.isproj", "{170322CC-F41D-44B9-B77C-0BCDE62E3098}"
EndProject
Global
	GlobalSection(SolutionConfigurationPlatforms) = preSolution
		CD_ROM|Any CPU = CD_ROM|Any CPU
		Debug|Any CPU = Debug|Any CPU
		DVD-5|Any CPU = DVD-5|Any CPU
		Release|Any CPU = Release|Any CPU
		SingleImage|Any CPU = SingleImage|Any CPU
	EndGlobalSection
	GlobalSection(ProjectConfigurationPlatforms) = postSolution
		{96B55FB3-2A16-47A1-BD22-2AE1206F35BF}.CD_ROM|Any CPU.ActiveCfg = Release|Any CPU
		{96B55FB3-2A16-47A1-BD22-2AE1206F35BF}.CD_ROM|Any CPU.Build.0 = Release|Any CPU
		{96B55FB3-2A16-47A1-BD22-2AE1206F35BF}.Debug|Any CPU.ActiveCfg = Debug|Any CPU
		{96B55FB3-2A16-47A1-BD22-2AE1206F35BF}.Debug|Any CPU.Build.0 = Debug|Any CPU
		{96B55FB3-2A16-47A1-BD22-2AE1206F35BF}.DVD-5|Any CPU.ActiveCfg = Debug|Any CPU
		{96B55FB3-2A16-47A1-BD22-2AE1206F35BF}.DVD-5|Any CPU.Build.0 = Debug|Any CPU
		{96B55FB3-2A16-47A1-BD22-2AE1206F35BF}.Release|Any CPU.ActiveCfg = Release|Any CPU
		{96B55FB3-2A16-47A1-BD22-2AE1206F35BF}.Release|Any CPU.Build.0 = Release|Any CPU
		{96B55FB3-2A16-47A1-BD22-2AE1206F35BF}.SingleImage|Any CPU.ActiveCfg = Release|Any CPU
		{96B55FB3-2A16-47A1-BD22-2AE1206F35BF}.SingleImage|Any CPU.Build.0 = Release|Any CPU
		{170322CC-F41D-44B9-B77C-0BCDE62E3098}.CD_ROM|Any CPU.ActiveCfg = CD_ROM
		{170322CC-F41D-44B9-B77C-0BCDE62E3098}.CD_ROM|Any CPU.Build.0 = CD_ROM
		{170322CC-F41D-44B9-B77C-0BCDE62E3098}.Debug|Any CPU.ActiveCfg = DVD-5
		{170322CC-F41D-44B9-B77C-0BCDE62E3098}.Debug|Any CPU.Build.0 = DVD-5
		{170322CC-F41D-44B9-B77C-0BCDE62E3098}.DVD-5|Any CPU.ActiveCfg = DVD-5
		{170322CC-F41D-44B9-B77C-0BCDE62E3098}.DVD-5|Any CPU.Build.0 = DVD-5
		{170322CC-F41D-44B9-B77C-0BCDE62E3098}.Release|Any CPU.ActiveCfg = SingleImage
		{170322CC-F41D-44B9-B77C-0BCDE62E3098}.Release|Any CPU.Build.0 = SingleImage
		{170322CC-F41D-44B9-B77C-0BCDE62E3098}.SingleImage|Any CPU.ActiveCfg = SingleImage
		{170322CC-F41D-44B9-B77C-0BCDE62E3098}.SingleImage|Any CPU.Build.0 = SingleImage
	EndGlobalSection
	GlobalSection(SolutionProperties) = preSolution
		HideSolutionNode = FALSE
	EndGlobalSection
EndGlobal
